
Microsoft Visual Studio Solution File, Format Version 12.00
# Visual Studio Version 17
VisualStudioVersion = 17.5.002.0
MinimumVisualStudioVersion = 10.0.40219.1
Project("{2150E333-8FDC-42A3-9474-1A3956D46DE8}") = "CsharpProjects2", "CsharpProjects2", "{A73C2077-0981-4261-AEA5-557BAD552659}"
EndProject
Project("{9A19103F-16F7-4668-BE54-9A1E7A4F7556}") = "TestProject", "CsharpProjects2\TestProject\TestProject.csproj", "{8864C4A5-5679-4901-8F14-64026FD13CF5}"
EndProject
Global
	GlobalSection(SolutionConfigurationPlatforms) = preSolution
		Debug|Any CPU = Debug|Any CPU
		Release|Any CPU = Release|Any CPU
	EndGlobalSection
	GlobalSection(ProjectConfigurationPlatforms) = postSolution
		{8864C4A5-5679-4901-8F14-64026FD13CF5}.Debug|Any CPU.ActiveCfg = Debug|Any CPU
		{8864C4A5-5679-4901-8F14-64026FD13CF5}.Debug|Any CPU.Build.0 = Debug|Any CPU
		{8864C4A5-5679-4901-8F14-64026FD13CF5}.Release|Any CPU.ActiveCfg = Release|Any CPU
		{8864C4A5-5679-4901-8F14-64026FD13CF5}.Release|Any CPU.Build.0 = Release|Any CPU
	EndGlobalSection
	GlobalSection(SolutionProperties) = preSolution
		HideSolutionNode = FALSE
	EndGlobalSection
	GlobalSection(NestedProjects) = preSolution
		{8864C4A5-5679-4901-8F14-64026FD13CF5} = {A73C2077-0981-4261-AEA5-557BAD552659}
	EndGlobalSection
	GlobalSection(ExtensibilityGlobals) = postSolution
		SolutionGuid = {F781A58B-53BB-45EB-BEB4-F2F15101A4EC}
	EndGlobalSection
EndGlobal
