
Microsoft Visual Studio Solution File, Format Version 12.00
# Visual Studio Version 17
VisualStudioVersion = 17.5.002.0
MinimumVisualStudioVersion = 10.0.40219.1
Project("{9A19103F-16F7-4668-BE54-9A1E7A4F7556}") = "Exceptions101", "Exceptions101.csproj", "{3A7D6E40-DB0D-411B-BFE8-04659EA3AAE7}"
EndProject
Global
	GlobalSection(SolutionConfigurationPlatforms) = preSolution
		Debug|Any CPU = Debug|Any CPU
		Release|Any CPU = Release|Any CPU
	EndGlobalSection
	GlobalSection(ProjectConfigurationPlatforms) = postSolution
		{3A7D6E40-DB0D-411B-BFE8-04659EA3AAE7}.Debug|Any CPU.ActiveCfg = Debug|Any CPU
		{3A7D6E40-DB0D-411B-BFE8-04659EA3AAE7}.Debug|Any CPU.Build.0 = Debug|Any CPU
		{3A7D6E40-DB0D-411B-BFE8-04659EA3AAE7}.Release|Any CPU.ActiveCfg = Release|Any CPU
		{3A7D6E40-DB0D-411B-BFE8-04659EA3AAE7}.Release|Any CPU.Build.0 = Release|Any CPU
	EndGlobalSection
	GlobalSection(SolutionProperties) = preSolution
		HideSolutionNode = FALSE
	EndGlobalSection
	GlobalSection(ExtensibilityGlobals) = postSolution
		SolutionGuid = {87D8B72E-FB47-4D1B-8484-145DDF91AEA2}
	EndGlobalSection
EndGlobal
