
Microsoft Visual Studio Solution File, Format Version 12.00
# Visual Studio Version 17
VisualStudioVersion = 17.5.002.0
MinimumVisualStudioVersion = 10.0.40219.1
Project("{2150E333-8FDC-42A3-9474-1A3956D46DE8}") = "GuidedProject", "GuidedProject", "{72C9C026-FFF6-4163-BC56-98FB8F3322E9}"
EndProject
Project("{9A19103F-16F7-4668-BE54-9A1E7A4F7556}") = "Final", "GuidedProject\Final\Final.csproj", "{0CC4B499-EC73-41E3-9AA7-09ECC62CEBF6}"
EndProject
Project("{9A19103F-16F7-4668-BE54-9A1E7A4F7556}") = "Starter", "GuidedProject\Starter\Starter.csproj", "{632F830D-18F7-4EC1-8A29-B9B68B397A92}"
EndProject
Global
	GlobalSection(SolutionConfigurationPlatforms) = preSolution
		Debug|Any CPU = Debug|Any CPU
		Release|Any CPU = Release|Any CPU
	EndGlobalSection
	GlobalSection(ProjectConfigurationPlatforms) = postSolution
		{0CC4B499-EC73-41E3-9AA7-09ECC62CEBF6}.Debug|Any CPU.ActiveCfg = Debug|Any CPU
		{0CC4B499-EC73-41E3-9AA7-09ECC62CEBF6}.Debug|Any CPU.Build.0 = Debug|Any CPU
		{0CC4B499-EC73-41E3-9AA7-09ECC62CEBF6}.Release|Any CPU.ActiveCfg = Release|Any CPU
		{0CC4B499-EC73-41E3-9AA7-09ECC62CEBF6}.Release|Any CPU.Build.0 = Release|Any CPU
		{632F830D-18F7-4EC1-8A29-B9B68B397A92}.Debug|Any CPU.ActiveCfg = Debug|Any CPU
		{632F830D-18F7-4EC1-8A29-B9B68B397A92}.Debug|Any CPU.Build.0 = Debug|Any CPU
		{632F830D-18F7-4EC1-8A29-B9B68B397A92}.Release|Any CPU.ActiveCfg = Release|Any CPU
		{632F830D-18F7-4EC1-8A29-B9B68B397A92}.Release|Any CPU.Build.0 = Release|Any CPU
	EndGlobalSection
	GlobalSection(SolutionProperties) = preSolution
		HideSolutionNode = FALSE
	EndGlobalSection
	GlobalSection(NestedProjects) = preSolution
		{0CC4B499-EC73-41E3-9AA7-09ECC62CEBF6} = {72C9C026-FFF6-4163-BC56-98FB8F3322E9}
		{632F830D-18F7-4EC1-8A29-B9B68B397A92} = {72C9C026-FFF6-4163-BC56-98FB8F3322E9}
	EndGlobalSection
	GlobalSection(ExtensibilityGlobals) = postSolution
		SolutionGuid = {DB7A3B44-5787-48ED-B4BD-C90EB60194F0}
	EndGlobalSection
EndGlobal
