
Microsoft Visual Studio Solution File, Format Version 12.00
# Visual Studio Version 17
VisualStudioVersion = 17.5.002.0
MinimumVisualStudioVersion = 10.0.40219.1
Project("{2150E333-8FDC-42A3-9474-1A3956D46DE8}") = "GuidedProject", "GuidedProject", "{DDC83284-76EC-4DEE-A933-A12F38B525D2}"
EndProject
Project("{9A19103F-16F7-4668-BE54-9A1E7A4F7556}") = "Final", "GuidedProject\Final\Final.csproj", "{B7AF9049-8054-45C0-AB98-50A2CABA34F4}"
EndProject
Project("{9A19103F-16F7-4668-BE54-9A1E7A4F7556}") = "Starter", "GuidedProject\Starter\Starter.csproj", "{6DAC4D32-4C67-4C0B-A8E4-0B2D7955A794}"
EndProject
Global
	GlobalSection(SolutionConfigurationPlatforms) = preSolution
		Debug|Any CPU = Debug|Any CPU
		Release|Any CPU = Release|Any CPU
	EndGlobalSection
	GlobalSection(ProjectConfigurationPlatforms) = postSolution
		{B7AF9049-8054-45C0-AB98-50A2CABA34F4}.Debug|Any CPU.ActiveCfg = Debug|Any CPU
		{B7AF9049-8054-45C0-AB98-50A2CABA34F4}.Debug|Any CPU.Build.0 = Debug|Any CPU
		{B7AF9049-8054-45C0-AB98-50A2CABA34F4}.Release|Any CPU.ActiveCfg = Release|Any CPU
		{B7AF9049-8054-45C0-AB98-50A2CABA34F4}.Release|Any CPU.Build.0 = Release|Any CPU
		{6DAC4D32-4C67-4C0B-A8E4-0B2D7955A794}.Debug|Any CPU.ActiveCfg = Debug|Any CPU
		{6DAC4D32-4C67-4C0B-A8E4-0B2D7955A794}.Debug|Any CPU.Build.0 = Debug|Any CPU
		{6DAC4D32-4C67-4C0B-A8E4-0B2D7955A794}.Release|Any CPU.ActiveCfg = Release|Any CPU
		{6DAC4D32-4C67-4C0B-A8E4-0B2D7955A794}.Release|Any CPU.Build.0 = Release|Any CPU
	EndGlobalSection
	GlobalSection(SolutionProperties) = preSolution
		HideSolutionNode = FALSE
	EndGlobalSection
	GlobalSection(NestedProjects) = preSolution
		{B7AF9049-8054-45C0-AB98-50A2CABA34F4} = {DDC83284-76EC-4DEE-A933-A12F38B525D2}
		{6DAC4D32-4C67-4C0B-A8E4-0B2D7955A794} = {DDC83284-76EC-4DEE-A933-A12F38B525D2}
	EndGlobalSection
	GlobalSection(ExtensibilityGlobals) = postSolution
		SolutionGuid = {21925AB9-72FE-421A-BC03-2E72D96B4D7E}
	EndGlobalSection
EndGlobal
