
Microsoft Visual Studio Solution File, Format Version 12.00
# Visual Studio Version 17
VisualStudioVersion = 17.5.002.0
MinimumVisualStudioVersion = 10.0.40219.1
Project("{2150E333-8FDC-42A3-9474-1A3956D46DE8}") = "ChallengeProject", "ChallengeProject", "{2454C603-34E7-47A0-9437-E28E372166C7}"
EndProject
Project("{9A19103F-16F7-4668-BE54-9A1E7A4F7556}") = "Final", "ChallengeProject\Final\Final.csproj", "{5A9AE784-D279-4B99-81C0-955C1BC3C357}"
EndProject
Project("{9A19103F-16F7-4668-BE54-9A1E7A4F7556}") = "Starter", "ChallengeProject\Starter\Starter.csproj", "{2AA06A7F-6B2F-4907-9219-78A9CFF25EB5}"
EndProject
Global
	GlobalSection(SolutionConfigurationPlatforms) = preSolution
		Debug|Any CPU = Debug|Any CPU
		Release|Any CPU = Release|Any CPU
	EndGlobalSection
	GlobalSection(ProjectConfigurationPlatforms) = postSolution
		{5A9AE784-D279-4B99-81C0-955C1BC3C357}.Debug|Any CPU.ActiveCfg = Debug|Any CPU
		{5A9AE784-D279-4B99-81C0-955C1BC3C357}.Debug|Any CPU.Build.0 = Debug|Any CPU
		{5A9AE784-D279-4B99-81C0-955C1BC3C357}.Release|Any CPU.ActiveCfg = Release|Any CPU
		{5A9AE784-D279-4B99-81C0-955C1BC3C357}.Release|Any CPU.Build.0 = Release|Any CPU
		{2AA06A7F-6B2F-4907-9219-78A9CFF25EB5}.Debug|Any CPU.ActiveCfg = Debug|Any CPU
		{2AA06A7F-6B2F-4907-9219-78A9CFF25EB5}.Debug|Any CPU.Build.0 = Debug|Any CPU
		{2AA06A7F-6B2F-4907-9219-78A9CFF25EB5}.Release|Any CPU.ActiveCfg = Release|Any CPU
		{2AA06A7F-6B2F-4907-9219-78A9CFF25EB5}.Release|Any CPU.Build.0 = Release|Any CPU
	EndGlobalSection
	GlobalSection(SolutionProperties) = preSolution
		HideSolutionNode = FALSE
	EndGlobalSection
	GlobalSection(NestedProjects) = preSolution
		{5A9AE784-D279-4B99-81C0-955C1BC3C357} = {2454C603-34E7-47A0-9437-E28E372166C7}
		{2AA06A7F-6B2F-4907-9219-78A9CFF25EB5} = {2454C603-34E7-47A0-9437-E28E372166C7}
	EndGlobalSection
	GlobalSection(ExtensibilityGlobals) = postSolution
		SolutionGuid = {CA4895CD-F1A8-465A-B36D-3C8D46927729}
	EndGlobalSection
EndGlobal
